// !$*UTF8*$!
{
	archiveVersion = 1;
	classes = {
	};
	objectVersion = 56;
	objects = {

/* Begin PBXBuildFile section */
		8874C21C28E6EBDD00B74B33 /* AlarmViewController.swift in Sources */ = {isa = PBXBuildFile; fileRef = 8874C21B28E6EBDD00B74B33 /* AlarmViewController.swift */; };
		8874C21E28E6EBEF00B74B33 /* StopWatchViewController.swift in Sources */ = {isa = PBXBuildFile; fileRef = 8874C21D28E6EBEF00B74B33 /* StopWatchViewController.swift */; };
		8874C22028E6EBFA00B74B33 /* TimerViewController.swift in Sources */ = {isa = PBXBuildFile; fileRef = 8874C21F28E6EBFA00B74B33 /* TimerViewController.swift */; };
		8874C22328E6F73800B74B33 /* Global.storyboard in Resources */ = {isa = PBXBuildFile; fileRef = 8874C22128E6F73800B74B33 /* Global.storyboard */; };
		8874C22528E6F7B100B74B33 /* Alarm.storyboard in Resources */ = {isa = PBXBuildFile; fileRef = 8874C22428E6F7B100B74B33 /* Alarm.storyboard */; };
		8874C22828E6F7D300B74B33 /* StopWatch.storyboard in Resources */ = {isa = PBXBuildFile; fileRef = 8874C22628E6F7D300B74B33 /* StopWatch.storyboard */; };
		8874C22A28E6F7E900B74B33 /* Timer.storyboard in Resources */ = {isa = PBXBuildFile; fileRef = 8874C22928E6F7E900B74B33 /* Timer.storyboard */; };
		88B438AA28DEDDCB0068D7E7 /* AppDelegate.swift in Sources */ = {isa = PBXBuildFile; fileRef = 88B438A928DEDDCB0068D7E7 /* AppDelegate.swift */; };
		88B438AC28DEDDCB0068D7E7 /* SceneDelegate.swift in Sources */ = {isa = PBXBuildFile; fileRef = 88B438AB28DEDDCB0068D7E7 /* SceneDelegate.swift */; };
		88B438AE28DEDDCB0068D7E7 /* GlobeViewController.swift in Sources */ = {isa = PBXBuildFile; fileRef = 88B438AD28DEDDCB0068D7E7 /* GlobeViewController.swift */; };
		88B438B128DEDDCB0068D7E7 /* Main.storyboard in Resources */ = {isa = PBXBuildFile; fileRef = 88B438AF28DEDDCB0068D7E7 /* Main.storyboard */; };
		88B438B328DEDDCC0068D7E7 /* Assets.xcassets in Resources */ = {isa = PBXBuildFile; fileRef = 88B438B228DEDDCC0068D7E7 /* Assets.xcassets */; };
		88B438B628DEDDCD0068D7E7 /* LaunchScreen.storyboard in Resources */ = {isa = PBXBuildFile; fileRef = 88B438B428DEDDCD0068D7E7 /* LaunchScreen.storyboard */; };
/* End PBXBuildFile section */

/* Begin PBXFileReference section */
		8874C21B28E6EBDD00B74B33 /* AlarmViewController.swift */ = {isa = PBXFileReference; lastKnownFileType = sourcecode.swift; path = AlarmViewController.swift; sourceTree = "<group>"; };
		8874C21D28E6EBEF00B74B33 /* StopWatchViewController.swift */ = {isa = PBXFileReference; lastKnownFileType = sourcecode.swift; path = StopWatchViewController.swift; sourceTree = "<group>"; };
		8874C21F28E6EBFA00B74B33 /* TimerViewController.swift */ = {isa = PBXFileReference; lastKnownFileType = sourcecode.swift; path = TimerViewController.swift; sourceTree = "<group>"; };
		8874C22228E6F73800B74B33 /* Base */ = {isa = PBXFileReference; lastKnownFileType = file.storyboard; name = Base; path = UIKit_DZ_Swift2.0/Base.lproj/Global.storyboard; sourceTree = "<group>"; };
		8874C22428E6F7B100B74B33 /* Alarm.storyboard */ = {isa = PBXFileReference; fileEncoding = 4; lastKnownFileType = file.storyboard; path = Alarm.storyboard; sourceTree = "<group>"; };
		8874C22728E6F7D300B74B33 /* Base */ = {isa = PBXFileReference; lastKnownFileType = file.storyboard; name = Base; path = UIKit_DZ_Swift2.0/Base.lproj/StopWatch.storyboard; sourceTree = "<group>"; };
		8874C22928E6F7E900B74B33 /* Timer.storyboard */ = {isa = PBXFileReference; fileEncoding = 4; lastKnownFileType = file.storyboard; path = Timer.storyboard; sourceTree = "<group>"; };
		88B438A628DEDDCB0068D7E7 /* UIKit_DZ_Swift2.0.app */ = {isa = PBXFileReference; explicitFileType = wrapper.application; includeInIndex = 0; path = UIKit_DZ_Swift2.0.app; sourceTree = BUILT_PRODUCTS_DIR; };
		88B438A928DEDDCB0068D7E7 /* AppDelegate.swift */ = {isa = PBXFileReference; lastKnownFileType = sourcecode.swift; path = AppDelegate.swift; sourceTree = "<group>"; };
		88B438AB28DEDDCB0068D7E7 /* SceneDelegate.swift */ = {isa = PBXFileReference; lastKnownFileType = sourcecode.swift; path = SceneDelegate.swift; sourceTree = "<group>"; };
		88B438AD28DEDDCB0068D7E7 /* GlobeViewController.swift */ = {isa = PBXFileReference; lastKnownFileType = sourcecode.swift; path = GlobeViewController.swift; sourceTree = "<group>"; };
		88B438B028DEDDCB0068D7E7 /* Base */ = {isa = PBXFileReference; lastKnownFileType = file.storyboard; name = Base; path = Base.lproj/Main.storyboard; sourceTree = "<group>"; };
		88B438B228DEDDCC0068D7E7 /* Assets.xcassets */ = {isa = PBXFileReference; lastKnownFileType = folder.assetcatalog; path = Assets.xcassets; sourceTree = "<group>"; };
		88B438B528DEDDCD0068D7E7 /* Base */ = {isa = PBXFileReference; lastKnownFileType = file.storyboard; name = Base; path = Base.lproj/LaunchScreen.storyboard; sourceTree = "<group>"; };
		88B438B728DEDDCD0068D7E7 /* Info.plist */ = {isa = PBXFileReference; lastKnownFileType = text.plist.xml; path = Info.plist; sourceTree = "<group>"; };
/* End PBXFileReference section */

/* Begin PBXFrameworksBuildPhase section */
		88B438A328DEDDCB0068D7E7 /* Frameworks */ = {
			isa = PBXFrameworksBuildPhase;
			buildActionMask = 2147483647;
			files = (
			);
			runOnlyForDeploymentPostprocessing = 0;
		};
/* End PBXFrameworksBuildPhase section */

/* Begin PBXGroup section */
		88B4389D28DEDDCB0068D7E7 = {
			isa = PBXGroup;
			children = (
				88B438A828DEDDCB0068D7E7 /* UIKit_DZ_Swift2.0 */,
				88B438A728DEDDCB0068D7E7 /* Products */,
			);
			sourceTree = "<group>";
		};
		88B438A728DEDDCB0068D7E7 /* Products */ = {
			isa = PBXGroup;
			children = (
				88B438A628DEDDCB0068D7E7 /* UIKit_DZ_Swift2.0.app */,
			);
			name = Products;
			sourceTree = "<group>";
		};
		88B438A828DEDDCB0068D7E7 /* UIKit_DZ_Swift2.0 */ = {
			isa = PBXGroup;
			children = (
				88B438A928DEDDCB0068D7E7 /* AppDelegate.swift */,
				88B438AB28DEDDCB0068D7E7 /* SceneDelegate.swift */,
				88B438AD28DEDDCB0068D7E7 /* GlobeViewController.swift */,
				8874C21B28E6EBDD00B74B33 /* AlarmViewController.swift */,
				8874C21D28E6EBEF00B74B33 /* StopWatchViewController.swift */,
				8874C21F28E6EBFA00B74B33 /* TimerViewController.swift */,
				88B438AF28DEDDCB0068D7E7 /* Main.storyboard */,
				8874C22128E6F73800B74B33 /* Global.storyboard */,
				8874C22428E6F7B100B74B33 /* Alarm.storyboard */,
				8874C22628E6F7D300B74B33 /* StopWatch.storyboard */,
				8874C22928E6F7E900B74B33 /* Timer.storyboard */,
				88B438B228DEDDCC0068D7E7 /* Assets.xcassets */,
				88B438B428DEDDCD0068D7E7 /* LaunchScreen.storyboard */,
				88B438B728DEDDCD0068D7E7 /* Info.plist */,
			);
			path = UIKit_DZ_Swift2.0;
			sourceTree = "<group>";
		};
/* End PBXGroup section */

/* Begin PBXNativeTarget section */
		88B438A528DEDDCB0068D7E7 /* UIKit_DZ_Swift2.0 */ = {
			isa = PBXNativeTarget;
			buildConfigurationList = 88B438BA28DEDDCD0068D7E7 /* Build configuration list for PBXNativeTarget "UIKit_DZ_Swift2.0" */;
			buildPhases = (
				88B438BD28DEDDD90068D7E7 /* swiftLint */,
				88B438A228DEDDCB0068D7E7 /* Sources */,
				88B438A328DEDDCB0068D7E7 /* Frameworks */,
				88B438A428DEDDCB0068D7E7 /* Resources */,
			);
			buildRules = (
			);
			dependencies = (
			);
			name = UIKit_DZ_Swift2.0;
			productName = UIKit_DZ_Swift2.0;
			productReference = 88B438A628DEDDCB0068D7E7 /* UIKit_DZ_Swift2.0.app */;
			productType = "com.apple.product-type.application";
		};
/* End PBXNativeTarget section */

/* Begin PBXProject section */
		88B4389E28DEDDCB0068D7E7 /* Project object */ = {
			isa = PBXProject;
			attributes = {
				BuildIndependentTargetsInParallel = 1;
				LastSwiftUpdateCheck = 1400;
				LastUpgradeCheck = 1400;
				TargetAttributes = {
					88B438A528DEDDCB0068D7E7 = {
						CreatedOnToolsVersion = 14.0;
					};
				};
			};
			buildConfigurationList = 88B438A128DEDDCB0068D7E7 /* Build configuration list for PBXProject "UIKit_DZ_Swift2.0" */;
			compatibilityVersion = "Xcode 14.0";
			developmentRegion = en;
			hasScannedForEncodings = 0;
			knownRegions = (
				en,
				Base,
			);
			mainGroup = 88B4389D28DEDDCB0068D7E7;
			productRefGroup = 88B438A728DEDDCB0068D7E7 /* Products */;
			projectDirPath = "";
			projectRoot = "";
			targets = (
				88B438A528DEDDCB0068D7E7 /* UIKit_DZ_Swift2.0 */,
			);
		};
/* End PBXProject section */

/* Begin PBXResourcesBuildPhase section */
		88B438A428DEDDCB0068D7E7 /* Resources */ = {
			isa = PBXResourcesBuildPhase;
			buildActionMask = 2147483647;
			files = (
				88B438B628DEDDCD0068D7E7 /* LaunchScreen.storyboard in Resources */,
				8874C22328E6F73800B74B33 /* Global.storyboard in Resources */,
				8874C22828E6F7D300B74B33 /* StopWatch.storyboard in Resources */,
				88B438B328DEDDCC0068D7E7 /* Assets.xcassets in Resources */,
				8874C22528E6F7B100B74B33 /* Alarm.storyboard in Resources */,
				8874C22A28E6F7E900B74B33 /* Timer.storyboard in Resources */,
				88B438B128DEDDCB0068D7E7 /* Main.storyboard in Resources */,
			);
			runOnlyForDeploymentPostprocessing = 0;
		};
/* End PBXResourcesBuildPhase section */

/* Begin PBXShellScriptBuildPhase section */
		88B438BD28DEDDD90068D7E7 /* swiftLint */ = {
			isa = PBXShellScriptBuildPhase;
			alwaysOutOfDate = 1;
			buildActionMask = 2147483647;
			files = (
			);
			inputFileListPaths = (
			);
			inputPaths = (
			);
			name = swiftLint;
			outputFileListPaths = (
			);
			outputPaths = (
			);
			runOnlyForDeploymentPostprocessing = 0;
			shellPath = /bin/sh;
			shellScript = "export PATH=\"$PATH:/opt/homebrew/bin\"\nif which swiftlint > /dev/null; then\n  swiftlint\nelse\n  echo \"warning: SwiftLint not installed, download from https://github.com/realm/SwiftLint\"\nfi\n";
		};
/* End PBXShellScriptBuildPhase section */

/* Begin PBXSourcesBuildPhase section */
		88B438A228DEDDCB0068D7E7 /* Sources */ = {
			isa = PBXSourcesBuildPhase;
			buildActionMask = 2147483647;
			files = (
				8874C21C28E6EBDD00B74B33 /* AlarmViewController.swift in Sources */,
				88B438AE28DEDDCB0068D7E7 /* GlobeViewController.swift in Sources */,
				88B438AA28DEDDCB0068D7E7 /* AppDelegate.swift in Sources */,
				88B438AC28DEDDCB0068D7E7 /* SceneDelegate.swift in Sources */,
				8874C22028E6EBFA00B74B33 /* TimerViewController.swift in Sources */,
				8874C21E28E6EBEF00B74B33 /* StopWatchViewController.swift in Sources */,
			);
			runOnlyForDeploymentPostprocessing = 0;
		};
/* End PBXSourcesBuildPhase section */

/* Begin PBXVariantGroup section */
		8874C22128E6F73800B74B33 /* Global.storyboard */ = {
			isa = PBXVariantGroup;
			children = (
				8874C22228E6F73800B74B33 /* Base */,
			);
			name = Global.storyboard;
			sourceTree = "<group>";
		};
		8874C22628E6F7D300B74B33 /* StopWatch.storyboard */ = {
			isa = PBXVariantGroup;
			children = (
				8874C22728E6F7D300B74B33 /* Base */,
			);
			name = StopWatch.storyboard;
			sourceTree = "<group>";
		};
		88B438AF28DEDDCB0068D7E7 /* Main.storyboard */ = {
			isa = PBXVariantGroup;
			children = (
				88B438B028DEDDCB0068D7E7 /* Base */,
			);
			name = Main.storyboard;
			sourceTree = "<group>";
		};
		88B438B428DEDDCD0068D7E7 /* LaunchScreen.storyboard */ = {
			isa = PBXVariantGroup;
			children = (
				88B438B528DEDDCD0068D7E7 /* Base */,
			);
			name = LaunchScreen.storyboard;
			sourceTree = "<group>";
		};
/* End PBXVariantGroup section */

/* Begin XCBuildConfiguration section */
		88B438B828DEDDCD0068D7E7 /* Debug */ = {
			isa = XCBuildConfiguration;
			buildSettings = {
				ALWAYS_SEARCH_USER_PATHS = NO;
				CLANG_ANALYZER_NONNULL = YES;
				CLANG_ANALYZER_NUMBER_OBJECT_CONVERSION = YES_AGGRESSIVE;
				CLANG_CXX_LANGUAGE_STANDARD = "gnu++20";
				CLANG_ENABLE_MODULES = YES;
				CLANG_ENABLE_OBJC_ARC = YES;
				CLANG_ENABLE_OBJC_WEAK = YES;
				CLANG_WARN_BLOCK_CAPTURE_AUTORELEASING = YES;
				CLANG_WARN_BOOL_CONVERSION = YES;
				CLANG_WARN_COMMA = YES;
				CLANG_WARN_CONSTANT_CONVERSION = YES;
				CLANG_WARN_DEPRECATED_OBJC_IMPLEMENTATIONS = YES;
				CLANG_WARN_DIRECT_OBJC_ISA_USAGE = YES_ERROR;
				CLANG_WARN_DOCUMENTATION_COMMENTS = YES;
				CLANG_WARN_EMPTY_BODY = YES;
				CLANG_WARN_ENUM_CONVERSION = YES;
				CLANG_WARN_INFINITE_RECURSION = YES;
				CLANG_WARN_INT_CONVERSION = YES;
				CLANG_WARN_NON_LITERAL_NULL_CONVERSION = YES;
				CLANG_WARN_OBJC_IMPLICIT_RETAIN_SELF = YES;
				CLANG_WARN_OBJC_LITERAL_CONVERSION = YES;
				CLANG_WARN_OBJC_ROOT_CLASS = YES_ERROR;
				CLANG_WARN_QUOTED_INCLUDE_IN_FRAMEWORK_HEADER = YES;
				CLANG_WARN_RANGE_LOOP_ANALYSIS = YES;
				CLANG_WARN_STRICT_PROTOTYPES = YES;
				CLANG_WARN_SUSPICIOUS_MOVE = YES;
				CLANG_WARN_UNGUARDED_AVAILABILITY = YES_AGGRESSIVE;
				CLANG_WARN_UNREACHABLE_CODE = YES;
				CLANG_WARN__DUPLICATE_METHOD_MATCH = YES;
				COPY_PHASE_STRIP = NO;
				DEBUG_INFORMATION_FORMAT = dwarf;
				ENABLE_STRICT_OBJC_MSGSEND = YES;
				ENABLE_TESTABILITY = YES;
				GCC_C_LANGUAGE_STANDARD = gnu11;
				GCC_DYNAMIC_NO_PIC = NO;
				GCC_NO_COMMON_BLOCKS = YES;
				GCC_OPTIMIZATION_LEVEL = 0;
				GCC_PREPROCESSOR_DEFINITIONS = (
					"DEBUG=1",
					"$(inherited)",
				);
				GCC_WARN_64_TO_32_BIT_CONVERSION = YES;
				GCC_WARN_ABOUT_RETURN_TYPE = YES_ERROR;
				GCC_WARN_UNDECLARED_SELECTOR = YES;
				GCC_WARN_UNINITIALIZED_AUTOS = YES_AGGRESSIVE;
				GCC_WARN_UNUSED_FUNCTION = YES;
				GCC_WARN_UNUSED_VARIABLE = YES;
				IPHONEOS_DEPLOYMENT_TARGET = 16.0;
				MTL_ENABLE_DEBUG_INFO = INCLUDE_SOURCE;
				MTL_FAST_MATH = YES;
				ONLY_ACTIVE_ARCH = YES;
				SDKROOT = iphoneos;
				SWIFT_ACTIVE_COMPILATION_CONDITIONS = DEBUG;
				SWIFT_OPTIMIZATION_LEVEL = "-Onone";
			};
			name = Debug;
		};
		88B438B928DEDDCD0068D7E7 /* Release */ = {
			isa = XCBuildConfiguration;
			buildSettings = {
				ALWAYS_SEARCH_USER_PATHS = NO;
				CLANG_ANALYZER_NONNULL = YES;
				CLANG_ANALYZER_NUMBER_OBJECT_CONVERSION = YES_AGGRESSIVE;
				CLANG_CXX_LANGUAGE_STANDARD = "gnu++20";
				CLANG_ENABLE_MODULES = YES;
				CLANG_ENABLE_OBJC_ARC = YES;
				CLANG_ENABLE_OBJC_WEAK = YES;
				CLANG_WARN_BLOCK_CAPTURE_AUTORELEASING = YES;
				CLANG_WARN_BOOL_CONVERSION = YES;
				CLANG_WARN_COMMA = YES;
				CLANG_WARN_CONSTANT_CONVERSION = YES;
				CLANG_WARN_DEPRECATED_OBJC_IMPLEMENTATIONS = YES;
				CLANG_WARN_DIRECT_OBJC_ISA_USAGE = YES_ERROR;
				CLANG_WARN_DOCUMENTATION_COMMENTS = YES;
				CLANG_WARN_EMPTY_BODY = YES;
				CLANG_WARN_ENUM_CONVERSION = YES;
				CLANG_WARN_INFINITE_RECURSION = YES;
				CLANG_WARN_INT_CONVERSION = YES;
				CLANG_WARN_NON_LITERAL_NULL_CONVERSION = YES;
				CLANG_WARN_OBJC_IMPLICIT_RETAIN_SELF = YES;
				CLANG_WARN_OBJC_LITERAL_CONVERSION = YES;
				CLANG_WARN_OBJC_ROOT_CLASS = YES_ERROR;
				CLANG_WARN_QUOTED_INCLUDE_IN_FRAMEWORK_HEADER = YES;
				CLANG_WARN_RANGE_LOOP_ANALYSIS = YES;
				CLANG_WARN_STRICT_PROTOTYPES = YES;
				CLANG_WARN_SUSPICIOUS_MOVE = YES;
				CLANG_WARN_UNGUARDED_AVAILABILITY = YES_AGGRESSIVE;
				CLANG_WARN_UNREACHABLE_CODE = YES;
				CLANG_WARN__DUPLICATE_METHOD_MATCH = YES;
				COPY_PHASE_STRIP = NO;
				DEBUG_INFORMATION_FORMAT = "dwarf-with-dsym";
				ENABLE_NS_ASSERTIONS = NO;
				ENABLE_STRICT_OBJC_MSGSEND = YES;
				GCC_C_LANGUAGE_STANDARD = gnu11;
				GCC_NO_COMMON_BLOCKS = YES;
				GCC_WARN_64_TO_32_BIT_CONVERSION = YES;
				GCC_WARN_ABOUT_RETURN_TYPE = YES_ERROR;
				GCC_WARN_UNDECLARED_SELECTOR = YES;
				GCC_WARN_UNINITIALIZED_AUTOS = YES_AGGRESSIVE;
				GCC_WARN_UNUSED_FUNCTION = YES;
				GCC_WARN_UNUSED_VARIABLE = YES;
				IPHONEOS_DEPLOYMENT_TARGET = 16.0;
				MTL_ENABLE_DEBUG_INFO = NO;
				MTL_FAST_MATH = YES;
				SDKROOT = iphoneos;
				SWIFT_COMPILATION_MODE = wholemodule;
				SWIFT_OPTIMIZATION_LEVEL = "-O";
				VALIDATE_PRODUCT = YES;
			};
			name = Release;
		};
		88B438BB28DEDDCD0068D7E7 /* Debug */ = {
			isa = XCBuildConfiguration;
			buildSettings = {
				ASSETCATALOG_COMPILER_APPICON_NAME = AppIcon;
				ASSETCATALOG_COMPILER_GLOBAL_ACCENT_COLOR_NAME = AccentColor;
				CODE_SIGN_STYLE = Automatic;
				CURRENT_PROJECT_VERSION = 1;
				GENERATE_INFOPLIST_FILE = YES;
				INFOPLIST_FILE = UIKit_DZ_Swift2.0/Info.plist;
				INFOPLIST_KEY_UIApplicationSupportsIndirectInputEvents = YES;
				INFOPLIST_KEY_UILaunchStoryboardName = LaunchScreen;
				INFOPLIST_KEY_UIMainStoryboardFile = Main;
				INFOPLIST_KEY_UISupportedInterfaceOrientations_iPad = "UIInterfaceOrientationPortrait UIInterfaceOrientationPortraitUpsideDown UIInterfaceOrientationLandscapeLeft UIInterfaceOrientationLandscapeRight";
				INFOPLIST_KEY_UISupportedInterfaceOrientations_iPhone = "UIInterfaceOrientationPortrait UIInterfaceOrientationLandscapeLeft UIInterfaceOrientationLandscapeRight";
				LD_RUNPATH_SEARCH_PATHS = (
					"$(inherited)",
					"@executable_path/Frameworks",
				);
				MARKETING_VERSION = 1.0;
				PRODUCT_BUNDLE_IDENTIFIER = "avagovich.UIKit-DZ-Swift2-0";
				PRODUCT_NAME = "$(TARGET_NAME)";
				SWIFT_EMIT_LOC_STRINGS = YES;
				SWIFT_VERSION = 5.0;
				TARGETED_DEVICE_FAMILY = "1,2";
			};
			name = Debug;
		};
		88B438BC28DEDDCD0068D7E7 /* Release */ = {
			isa = XCBuildConfiguration;
			buildSettings = {
				ASSETCATALOG_COMPILER_APPICON_NAME = AppIcon;
				ASSETCATALOG_COMPILER_GLOBAL_ACCENT_COLOR_NAME = AccentColor;
				CODE_SIGN_STYLE = Automatic;
				CURRENT_PROJECT_VERSION = 1;
				GENERATE_INFOPLIST_FILE = YES;
				INFOPLIST_FILE = UIKit_DZ_Swift2.0/Info.plist;
				INFOPLIST_KEY_UIApplicationSupportsIndirectInputEvents = YES;
				INFOPLIST_KEY_UILaunchStoryboardName = LaunchScreen;
				INFOPLIST_KEY_UIMainStoryboardFile = Main;
				INFOPLIST_KEY_UISupportedInterfaceOrientations_iPad = "UIInterfaceOrientationPortrait UIInterfaceOrientationPortraitUpsideDown UIInterfaceOrientationLandscapeLeft UIInterfaceOrientationLandscapeRight";
				INFOPLIST_KEY_UISupportedInterfaceOrientations_iPhone = "UIInterfaceOrientationPortrait UIInterfaceOrientationLandscapeLeft UIInterfaceOrientationLandscapeRight";
				LD_RUNPATH_SEARCH_PATHS = (
					"$(inherited)",
					"@executable_path/Frameworks",
				);
				MARKETING_VERSION = 1.0;
				PRODUCT_BUNDLE_IDENTIFIER = "avagovich.UIKit-DZ-Swift2-0";
				PRODUCT_NAME = "$(TARGET_NAME)";
				SWIFT_EMIT_LOC_STRINGS = YES;
				SWIFT_VERSION = 5.0;
				TARGETED_DEVICE_FAMILY = "1,2";
			};
			name = Release;
		};
/* End XCBuildConfiguration section */

/* Begin XCConfigurationList section */
		88B438A128DEDDCB0068D7E7 /* Build configuration list for PBXProject "UIKit_DZ_Swift2.0" */ = {
			isa = XCConfigurationList;
			buildConfigurations = (
				88B438B828DEDDCD0068D7E7 /* Debug */,
				88B438B928DEDDCD0068D7E7 /* Release */,
			);
			defaultConfigurationIsVisible = 0;
			defaultConfigurationName = Release;
		};
		88B438BA28DEDDCD0068D7E7 /* Build configuration list for PBXNativeTarget "UIKit_DZ_Swift2.0" */ = {
			isa = XCConfigurationList;
			buildConfigurations = (
				88B438BB28DEDDCD0068D7E7 /* Debug */,
				88B438BC28DEDDCD0068D7E7 /* Release */,
			);
			defaultConfigurationIsVisible = 0;
			defaultConfigurationName = Release;
		};
/* End XCConfigurationList section */
	};
	rootObject = 88B4389E28DEDDCB0068D7E7 /* Project object */;
}
